<?xml version="1.0" encoding="utf-8"?>
<Project ToolsVersion="4.0" xmlns="http://schemas.microsoft.com/developer/msbuild/2003">
  <ItemGroup>
    <Filter Include="Header">
      <UniqueIdentifier>{729c4206-81be-487e-9c35-83ee13391acd}</UniqueIdentifier>
    </Filter>
    <Filter Include="Source">
      <UniqueIdentifier>{4FC737F1-C7A5-4376-A066-2A32D752A2FF}</UniqueIdentifier>
      <Extensions>cpp;c;cc;cxx;c++;cppm;ixx;def;odl;idl;hpj;bat;asm;asmx</Extensions>
    </Filter>
  </ItemGroup>
  <ItemGroup>
    <ClCompile Include="src\Main.cpp">
      <Filter>Source</Filter>
    </ClCompile>
    <ClCompile Include="src\pch.cpp">
      <Filter>Source</Filter>
    </ClCompile>
    <ClCompile Include="src\Core\Core.cpp">
      <Filter>Source</Filter>
    </ClCompile>
    <ClCompile Include="src\Core\UI.cpp">
      <Filter>Source</Filter>
    </ClCompile>
    <ClCompile Include="src\Core\Framerate.cpp">
      <Filter>Source</Filter>
    </ClCompile>
    <ClCompile Include="src\Wrappers\CGQ-imgui.cpp">
      <Filter>Source</Filter>
    </ClCompile>
    <ClCompile Include="src\Scene\Element.cpp">
      <Filter>Source</Filter>
    </ClCompile>
    <ClCompile Include="src\Scene\Types.cpp">
      <Filter>Source</Filter>
    </ClCompile>
    <ClCompile Include="src\Scene\Graphic.cpp">
      <Filter>Source</Filter>
    </ClCompile>
    <ClCompile Include="src\Scene\Manager.cpp">
      <Filter>Source</Filter>
    </ClCompile>
    <ClCompile Include="src\Renderer\Framebuffer.cpp">
      <Filter>Source</Filter>
    </ClCompile>
  </ItemGroup>
  <ItemGroup>
    <ClInclude Include="src\pch.h">
      <Filter>Header</Filter>
    </ClInclude>
    <ClInclude Include="src\Core\Core.h">
      <Filter>Header</Filter>
    </ClInclude>
    <ClInclude Include="src\Scene\Components.h">
      <Filter>Header</Filter>
    </ClInclude>
    <ClInclude Include="src\Scene\Element.h">
      <Filter>Header</Filter>
    </ClInclude>
    <ClInclude Include="src\Scene\Types.h">
      <Filter>Header</Filter>
    </ClInclude>
    <ClInclude Include="src\Core\Framerate.h">
      <Filter>Header</Filter>
    </ClInclude>
    <ClInclude Include="src\Scene\Graphic.h">
      <Filter>Header</Filter>
    </ClInclude>
    <ClInclude Include="src\Wrappers\CGQ-imgui.h">
      <Filter>Header</Filter>
    </ClInclude>
    <ClInclude Include="src\Scene\Manager.h">
      <Filter>Header</Filter>
    </ClInclude>
    <ClInclude Include="src\Core\UI.h">
      <Filter>Header</Filter>
    </ClInclude>
    <ClInclude Include="src\Core\MathLib.h">
      <Filter>Header</Filter>
    </ClInclude>
    <ClInclude Include="src\Renderer\Framebuffer.h" />
  </ItemGroup>
</Project>