
Microsoft Visual Studio Solution File, Format Version 12.00
# Visual Studio Version 17
VisualStudioVersion = 17.1.32414.318
MinimumVisualStudioVersion = 10.0.40219.1
Project("{8BC9CEB8-8B4A-11D0-8D11-00A0C91BC942}") = "cgq", "cgq.vcxproj", "{F996EE47-9AC3-42D6-9C9C-A61326A430DE}"
	ProjectSection(ProjectDependencies) = postProject
		{D6CC2483-1694-43AC-8B60-46EC1B23304B} = {D6CC2483-1694-43AC-8B60-46EC1B23304B}
	EndProjectSection
EndProject
Project("{2150E333-8FDC-42A3-9474-1A3956D46DE8}") = "Dependencies", "Dependencies", "{894E0707-E247-4F4E-A4E1-88304F5B05E8}"
EndProject
Project("{8BC9CEB8-8B4A-11D0-8D11-00A0C91BC942}") = "imgui", "deps\imgui\imgui.vcxproj", "{D6CC2483-1694-43AC-8B60-46EC1B23304B}"
	ProjectSection(ProjectDependencies) = postProject
		{FE004B37-E75E-3527-80E2-D58C4C9CEBCF} = {FE004B37-E75E-3527-80E2-D58C4C9CEBCF}
	EndProjectSection
EndProject
Project("{8BC9CEB8-8B4A-11D0-8D11-00A0C91BC942}") = "glfw", "deps\glfw\bin\src\glfw.vcxproj", "{FE004B37-E75E-3527-80E2-D58C4C9CEBCF}"
EndProject
Project("{54435603-DBB4-11D2-8724-00A0C9A8B90C}") = "Setup", "Setup\Setup.vdproj", "{A80A8C2B-6BB0-42A7-851D-8887C9FC839B}"
EndProject
Global
	GlobalSection(SolutionConfigurationPlatforms) = preSolution
		Debug|x64 = Debug|x64
		Release|x64 = Release|x64
	EndGlobalSection
	GlobalSection(ProjectConfigurationPlatforms) = postSolution
		{F996EE47-9AC3-42D6-9C9C-A61326A430DE}.Debug|x64.ActiveCfg = Debug|x64
		{F996EE47-9AC3-42D6-9C9C-A61326A430DE}.Debug|x64.Build.0 = Debug|x64
		{F996EE47-9AC3-42D6-9C9C-A61326A430DE}.Release|x64.ActiveCfg = Release|x64
		{F996EE47-9AC3-42D6-9C9C-A61326A430DE}.Release|x64.Build.0 = Release|x64
		{D6CC2483-1694-43AC-8B60-46EC1B23304B}.Debug|x64.ActiveCfg = Debug|x64
		{D6CC2483-1694-43AC-8B60-46EC1B23304B}.Debug|x64.Build.0 = Debug|x64
		{D6CC2483-1694-43AC-8B60-46EC1B23304B}.Release|x64.ActiveCfg = Release|x64
		{D6CC2483-1694-43AC-8B60-46EC1B23304B}.Release|x64.Build.0 = Release|x64
		{FE004B37-E75E-3527-80E2-D58C4C9CEBCF}.Debug|x64.ActiveCfg = Debug|x64
		{FE004B37-E75E-3527-80E2-D58C4C9CEBCF}.Debug|x64.Build.0 = Debug|x64
		{FE004B37-E75E-3527-80E2-D58C4C9CEBCF}.Release|x64.ActiveCfg = Release|x64
		{FE004B37-E75E-3527-80E2-D58C4C9CEBCF}.Release|x64.Build.0 = Release|x64
		{A80A8C2B-6BB0-42A7-851D-8887C9FC839B}.Debug|x64.ActiveCfg = Release
		{A80A8C2B-6BB0-42A7-851D-8887C9FC839B}.Release|x64.ActiveCfg = Release
		{A80A8C2B-6BB0-42A7-851D-8887C9FC839B}.Release|x64.Build.0 = Release
	EndGlobalSection
	GlobalSection(SolutionProperties) = preSolution
		HideSolutionNode = FALSE
	EndGlobalSection
	GlobalSection(NestedProjects) = preSolution
		{D6CC2483-1694-43AC-8B60-46EC1B23304B} = {894E0707-E247-4F4E-A4E1-88304F5B05E8}
		{FE004B37-E75E-3527-80E2-D58C4C9CEBCF} = {894E0707-E247-4F4E-A4E1-88304F5B05E8}
	EndGlobalSection
	GlobalSection(ExtensibilityGlobals) = postSolution
		SolutionGuid = {41D579EC-7BD6-4B5B-9036-2931E0458F23}
	EndGlobalSection
EndGlobal
